Microsoft Visual Studio Solution File, Format Version 12.00
# Visual Studio Version 17
VisualStudioVersion = 17.12.35527.113
MinimumVisualStudioVersion = 10.0.40219.1
Project("{FAE04EC0-301F-11D3-BF4B-00C04F79EFBC}") = "DWMS.AppHost", "DWMS.AppHost\DWMS.AppHost.csproj", "{F6374166-8BE3-4273-A913-7806D592C8C8}"
EndProject
Project("{FAE04EC0-301F-11D3-BF4B-00C04F79EFBC}") = "DWMS.ServiceDefaults", "DWMS.ServiceDefaults\DWMS.ServiceDefaults.csproj", "{E770810F-E970-4BFF-9DB2-E31DD82BCB21}"
EndProject
Project("{FAE04EC0-301F-11D3-BF4B-00C04F79EFBC}") = "DWMS.Inbound.Api", "DWMS.Inbound\DWMS.Inbound.Api\DWMS.Inbound.Api.csproj", "{2D70A4AB-A211-49EC-86D8-E52B81A63288}"
EndProject
Project("{FAE04EC0-301F-11D3-BF4B-00C04F79EFBC}") = "DWMS.Inbound.Sdk", "DWMS.Inbound\DWMS.Inbound.Sdk\DWMS.Inbound.Sdk.csproj", "{0B23C86B-4AD5-4BD3-ADC0-F7BB31617CF9}"
EndProject
Project("{FAE04EC0-301F-11D3-BF4B-00C04F79EFBC}") = "DWMS.Common", "DWMS.Common\DWMS.Common.csproj", "{F395DACF-61C0-4D40-9413-A621C6995925}"
EndProject
Project("{2150E333-8FDC-42A3-9474-1A3956D46DE8}") = "DWMS.Inbound", "DWMS.Inbound", "{C74C27D5-8589-41B2-A576-46D46E61EDAD}"
EndProject
Project("{2150E333-8FDC-42A3-9474-1A3956D46DE8}") = "DWMS.Inventory", "DWMS.Inventory", "{5B93CC72-BB76-401C-B46B-5CE42D1797B0}"
EndProject
Project("{FAE04EC0-301F-11D3-BF4B-00C04F79EFBC}") = "DWMS.Inventory.Api", "DWMS.Inventory\DWMS.Inventory.Api\DWMS.Inventory.Api.csproj", "{25C7101E-934D-48F3-96A5-08469A624D2E}"
EndProject
Project("{FAE04EC0-301F-11D3-BF4B-00C04F79EFBC}") = "DWMS.Inventory.Sdk", "DWMS.Inventory\DWMS.Inventory.Sdk\DWMS.Inventory.Sdk.csproj", "{2132FB6C-BF6D-4873-8D13-CDCA25382461}"
EndProject
Project("{FAE04EC0-301F-11D3-BF4B-00C04F79EFBC}") = "DWMS.Inbound.Tests", "DWMS.Inbound\DWMS.Inbound.Tests\DWMS.Inbound.Tests.csproj", "{02876C88-2EA4-4EBA-8365-ED941262584A}"
EndProject
Project("{2150E333-8FDC-42A3-9474-1A3956D46DE8}") = "Solution Items", "Solution Items", "{D4029049-DB52-4BD9-8745-7426F2A587A9}"
	ProjectSection(SolutionItems) = preProject
		.editorconfig = .editorconfig
	EndProjectSection
EndProject
Global
	GlobalSection(SolutionConfigurationPlatforms) = preSolution
		Debug|Any CPU = Debug|Any CPU
		Release|Any CPU = Release|Any CPU
	EndGlobalSection
	GlobalSection(ProjectConfigurationPlatforms) = postSolution
		{F6374166-8BE3-4273-A913-7806D592C8C8}.Debug|Any CPU.ActiveCfg = Debug|Any CPU
		{F6374166-8BE3-4273-A913-7806D592C8C8}.Debug|Any CPU.Build.0 = Debug|Any CPU
		{F6374166-8BE3-4273-A913-7806D592C8C8}.Release|Any CPU.ActiveCfg = Release|Any CPU
		{F6374166-8BE3-4273-A913-7806D592C8C8}.Release|Any CPU.Build.0 = Release|Any CPU
		{E770810F-E970-4BFF-9DB2-E31DD82BCB21}.Debug|Any CPU.ActiveCfg = Debug|Any CPU
		{E770810F-E970-4BFF-9DB2-E31DD82BCB21}.Debug|Any CPU.Build.0 = Debug|Any CPU
		{E770810F-E970-4BFF-9DB2-E31DD82BCB21}.Release|Any CPU.ActiveCfg = Release|Any CPU
		{E770810F-E970-4BFF-9DB2-E31DD82BCB21}.Release|Any CPU.Build.0 = Release|Any CPU
		{2D70A4AB-A211-49EC-86D8-E52B81A63288}.Debug|Any CPU.ActiveCfg = Debug|Any CPU
		{2D70A4AB-A211-49EC-86D8-E52B81A63288}.Debug|Any CPU.Build.0 = Debug|Any CPU
		{2D70A4AB-A211-49EC-86D8-E52B81A63288}.Release|Any CPU.ActiveCfg = Release|Any CPU
		{2D70A4AB-A211-49EC-86D8-E52B81A63288}.Release|Any CPU.Build.0 = Release|Any CPU
		{0B23C86B-4AD5-4BD3-ADC0-F7BB31617CF9}.Debug|Any CPU.ActiveCfg = Debug|Any CPU
		{0B23C86B-4AD5-4BD3-ADC0-F7BB31617CF9}.Debug|Any CPU.Build.0 = Debug|Any CPU
		{0B23C86B-4AD5-4BD3-ADC0-F7BB31617CF9}.Release|Any CPU.ActiveCfg = Release|Any CPU
		{0B23C86B-4AD5-4BD3-ADC0-F7BB31617CF9}.Release|Any CPU.Build.0 = Release|Any CPU
		{F395DACF-61C0-4D40-9413-A621C6995925}.Debug|Any CPU.ActiveCfg = Debug|Any CPU
		{F395DACF-61C0-4D40-9413-A621C6995925}.Debug|Any CPU.Build.0 = Debug|Any CPU
		{F395DACF-61C0-4D40-9413-A621C6995925}.Release|Any CPU.ActiveCfg = Release|Any CPU
		{F395DACF-61C0-4D40-9413-A621C6995925}.Release|Any CPU.Build.0 = Release|Any CPU
		{25C7101E-934D-48F3-96A5-08469A624D2E}.Debug|Any CPU.ActiveCfg = Debug|Any CPU
		{25C7101E-934D-48F3-96A5-08469A624D2E}.Debug|Any CPU.Build.0 = Debug|Any CPU
		{25C7101E-934D-48F3-96A5-08469A624D2E}.Release|Any CPU.ActiveCfg = Release|Any CPU
		{25C7101E-934D-48F3-96A5-08469A624D2E}.Release|Any CPU.Build.0 = Release|Any CPU
		{2132FB6C-BF6D-4873-8D13-CDCA25382461}.Debug|Any CPU.ActiveCfg = Debug|Any CPU
		{2132FB6C-BF6D-4873-8D13-CDCA25382461}.Debug|Any CPU.Build.0 = Debug|Any CPU
		{2132FB6C-BF6D-4873-8D13-CDCA25382461}.Release|Any CPU.ActiveCfg = Release|Any CPU
		{2132FB6C-BF6D-4873-8D13-CDCA25382461}.Release|Any CPU.Build.0 = Release|Any CPU
		{02876C88-2EA4-4EBA-8365-ED941262584A}.Debug|Any CPU.ActiveCfg = Debug|Any CPU
		{02876C88-2EA4-4EBA-8365-ED941262584A}.Debug|Any CPU.Build.0 = Debug|Any CPU
		{02876C88-2EA4-4EBA-8365-ED941262584A}.Release|Any CPU.ActiveCfg = Release|Any CPU
		{02876C88-2EA4-4EBA-8365-ED941262584A}.Release|Any CPU.Build.0 = Release|Any CPU
	EndGlobalSection
	GlobalSection(SolutionProperties) = preSolution
		HideSolutionNode = FALSE
	EndGlobalSection
	GlobalSection(NestedProjects) = preSolution
		{2D70A4AB-A211-49EC-86D8-E52B81A63288} = {C74C27D5-8589-41B2-A576-46D46E61EDAD}
		{0B23C86B-4AD5-4BD3-ADC0-F7BB31617CF9} = {C74C27D5-8589-41B2-A576-46D46E61EDAD}
		{25C7101E-934D-48F3-96A5-08469A624D2E} = {5B93CC72-BB76-401C-B46B-5CE42D1797B0}
		{2132FB6C-BF6D-4873-8D13-CDCA25382461} = {5B93CC72-BB76-401C-B46B-5CE42D1797B0}
		{02876C88-2EA4-4EBA-8365-ED941262584A} = {C74C27D5-8589-41B2-A576-46D46E61EDAD}
	EndGlobalSection
EndGlobal
